
Microsoft Visual Studio Solution File, Format Version 12.00
# Visual Studio Version 16
VisualStudioVersion = 16.0.30011.22
MinimumVisualStudioVersion = 15.0.26124.0
Project("{9A19103F-16F7-4668-BE54-9A1E7A4F7556}") = "WebAPI", "WebAPI\WebAPI.csproj", "{027F99FA-DA4C-4020-868B-F7776FB09974}"
EndProject
Project("{9A19103F-16F7-4668-BE54-9A1E7A4F7556}") = "Core", "Core\Core.csproj", "{8DE2AB42-D3AB-461A-A8F0-6CADC3B88B19}"
EndProject
Project("{9A19103F-16F7-4668-BE54-9A1E7A4F7556}") = "Services", "Services\Services.csproj", "{6203885D-CA40-40D9-9F1F-62E1C20BFB87}"
EndProject
Project("{9A19103F-16F7-4668-BE54-9A1E7A4F7556}") = "Persistence", "Persistence\Persistence.csproj", "{4A3BE25D-48D7-4085-A793-86C5B28E695A}"
EndProject
Project("{FAE04EC0-301F-11D3-BF4B-00C04F79EFBC}") = "Security", "Security\Security.csproj", "{57637891-CB7C-4FBB-B89C-D5A39F8003A2}"
EndProject
Global
	GlobalSection(SolutionConfigurationPlatforms) = preSolution
		Debug|Any CPU = Debug|Any CPU
		Debug|x64 = Debug|x64
		Debug|x86 = Debug|x86
		Release|Any CPU = Release|Any CPU
		Release|x64 = Release|x64
		Release|x86 = Release|x86
	EndGlobalSection
	GlobalSection(ProjectConfigurationPlatforms) = postSolution
		{027F99FA-DA4C-4020-868B-F7776FB09974}.Debug|Any CPU.ActiveCfg = Debug|Any CPU
		{027F99FA-DA4C-4020-868B-F7776FB09974}.Debug|Any CPU.Build.0 = Debug|Any CPU
		{027F99FA-DA4C-4020-868B-F7776FB09974}.Debug|x64.ActiveCfg = Debug|Any CPU
		{027F99FA-DA4C-4020-868B-F7776FB09974}.Debug|x64.Build.0 = Debug|Any CPU
		{027F99FA-DA4C-4020-868B-F7776FB09974}.Debug|x86.ActiveCfg = Debug|Any CPU
		{027F99FA-DA4C-4020-868B-F7776FB09974}.Debug|x86.Build.0 = Debug|Any CPU
		{027F99FA-DA4C-4020-868B-F7776FB09974}.Release|Any CPU.ActiveCfg = Release|Any CPU
		{027F99FA-DA4C-4020-868B-F7776FB09974}.Release|Any CPU.Build.0 = Release|Any CPU
		{027F99FA-DA4C-4020-868B-F7776FB09974}.Release|x64.ActiveCfg = Release|Any CPU
		{027F99FA-DA4C-4020-868B-F7776FB09974}.Release|x64.Build.0 = Release|Any CPU
		{027F99FA-DA4C-4020-868B-F7776FB09974}.Release|x86.ActiveCfg = Release|Any CPU
		{027F99FA-DA4C-4020-868B-F7776FB09974}.Release|x86.Build.0 = Release|Any CPU
		{8DE2AB42-D3AB-461A-A8F0-6CADC3B88B19}.Debug|Any CPU.ActiveCfg = Debug|Any CPU
		{8DE2AB42-D3AB-461A-A8F0-6CADC3B88B19}.Debug|Any CPU.Build.0 = Debug|Any CPU
		{8DE2AB42-D3AB-461A-A8F0-6CADC3B88B19}.Debug|x64.ActiveCfg = Debug|Any CPU
		{8DE2AB42-D3AB-461A-A8F0-6CADC3B88B19}.Debug|x64.Build.0 = Debug|Any CPU
		{8DE2AB42-D3AB-461A-A8F0-6CADC3B88B19}.Debug|x86.ActiveCfg = Debug|Any CPU
		{8DE2AB42-D3AB-461A-A8F0-6CADC3B88B19}.Debug|x86.Build.0 = Debug|Any CPU
		{8DE2AB42-D3AB-461A-A8F0-6CADC3B88B19}.Release|Any CPU.ActiveCfg = Release|Any CPU
		{8DE2AB42-D3AB-461A-A8F0-6CADC3B88B19}.Release|Any CPU.Build.0 = Release|Any CPU
		{8DE2AB42-D3AB-461A-A8F0-6CADC3B88B19}.Release|x64.ActiveCfg = Release|Any CPU
		{8DE2AB42-D3AB-461A-A8F0-6CADC3B88B19}.Release|x64.Build.0 = Release|Any CPU
		{8DE2AB42-D3AB-461A-A8F0-6CADC3B88B19}.Release|x86.ActiveCfg = Release|Any CPU
		{8DE2AB42-D3AB-461A-A8F0-6CADC3B88B19}.Release|x86.Build.0 = Release|Any CPU
		{6203885D-CA40-40D9-9F1F-62E1C20BFB87}.Debug|Any CPU.ActiveCfg = Debug|Any CPU
		{6203885D-CA40-40D9-9F1F-62E1C20BFB87}.Debug|Any CPU.Build.0 = Debug|Any CPU
		{6203885D-CA40-40D9-9F1F-62E1C20BFB87}.Debug|x64.ActiveCfg = Debug|Any CPU
		{6203885D-CA40-40D9-9F1F-62E1C20BFB87}.Debug|x64.Build.0 = Debug|Any CPU
		{6203885D-CA40-40D9-9F1F-62E1C20BFB87}.Debug|x86.ActiveCfg = Debug|Any CPU
		{6203885D-CA40-40D9-9F1F-62E1C20BFB87}.Debug|x86.Build.0 = Debug|Any CPU
		{6203885D-CA40-40D9-9F1F-62E1C20BFB87}.Release|Any CPU.ActiveCfg = Release|Any CPU
		{6203885D-CA40-40D9-9F1F-62E1C20BFB87}.Release|Any CPU.Build.0 = Release|Any CPU
		{6203885D-CA40-40D9-9F1F-62E1C20BFB87}.Release|x64.ActiveCfg = Release|Any CPU
		{6203885D-CA40-40D9-9F1F-62E1C20BFB87}.Release|x64.Build.0 = Release|Any CPU
		{6203885D-CA40-40D9-9F1F-62E1C20BFB87}.Release|x86.ActiveCfg = Release|Any CPU
		{6203885D-CA40-40D9-9F1F-62E1C20BFB87}.Release|x86.Build.0 = Release|Any CPU
		{4A3BE25D-48D7-4085-A793-86C5B28E695A}.Debug|Any CPU.ActiveCfg = Debug|Any CPU
		{4A3BE25D-48D7-4085-A793-86C5B28E695A}.Debug|Any CPU.Build.0 = Debug|Any CPU
		{4A3BE25D-48D7-4085-A793-86C5B28E695A}.Debug|x64.ActiveCfg = Debug|Any CPU
		{4A3BE25D-48D7-4085-A793-86C5B28E695A}.Debug|x64.Build.0 = Debug|Any CPU
		{4A3BE25D-48D7-4085-A793-86C5B28E695A}.Debug|x86.ActiveCfg = Debug|Any CPU
		{4A3BE25D-48D7-4085-A793-86C5B28E695A}.Debug|x86.Build.0 = Debug|Any CPU
		{4A3BE25D-48D7-4085-A793-86C5B28E695A}.Release|Any CPU.ActiveCfg = Release|Any CPU
		{4A3BE25D-48D7-4085-A793-86C5B28E695A}.Release|Any CPU.Build.0 = Release|Any CPU
		{4A3BE25D-48D7-4085-A793-86C5B28E695A}.Release|x64.ActiveCfg = Release|Any CPU
		{4A3BE25D-48D7-4085-A793-86C5B28E695A}.Release|x64.Build.0 = Release|Any CPU
		{4A3BE25D-48D7-4085-A793-86C5B28E695A}.Release|x86.ActiveCfg = Release|Any CPU
		{4A3BE25D-48D7-4085-A793-86C5B28E695A}.Release|x86.Build.0 = Release|Any CPU
		{57637891-CB7C-4FBB-B89C-D5A39F8003A2}.Debug|Any CPU.ActiveCfg = Debug|Any CPU
		{57637891-CB7C-4FBB-B89C-D5A39F8003A2}.Debug|Any CPU.Build.0 = Debug|Any CPU
		{57637891-CB7C-4FBB-B89C-D5A39F8003A2}.Debug|x64.ActiveCfg = Debug|Any CPU
		{57637891-CB7C-4FBB-B89C-D5A39F8003A2}.Debug|x64.Build.0 = Debug|Any CPU
		{57637891-CB7C-4FBB-B89C-D5A39F8003A2}.Debug|x86.ActiveCfg = Debug|Any CPU
		{57637891-CB7C-4FBB-B89C-D5A39F8003A2}.Debug|x86.Build.0 = Debug|Any CPU
		{57637891-CB7C-4FBB-B89C-D5A39F8003A2}.Release|Any CPU.ActiveCfg = Release|Any CPU
		{57637891-CB7C-4FBB-B89C-D5A39F8003A2}.Release|Any CPU.Build.0 = Release|Any CPU
		{57637891-CB7C-4FBB-B89C-D5A39F8003A2}.Release|x64.ActiveCfg = Release|Any CPU
		{57637891-CB7C-4FBB-B89C-D5A39F8003A2}.Release|x64.Build.0 = Release|Any CPU
		{57637891-CB7C-4FBB-B89C-D5A39F8003A2}.Release|x86.ActiveCfg = Release|Any CPU
		{57637891-CB7C-4FBB-B89C-D5A39F8003A2}.Release|x86.Build.0 = Release|Any CPU
	EndGlobalSection
	GlobalSection(SolutionProperties) = preSolution
		HideSolutionNode = FALSE
	EndGlobalSection
	GlobalSection(ExtensibilityGlobals) = postSolution
		SolutionGuid = {14B3E53D-B758-4629-A470-F684B3429623}
	EndGlobalSection
EndGlobal
